
Microsoft Visual Studio Solution File, Format Version 12.00
# Visual Studio Version 17
VisualStudioVersion = 17.0.31903.59
MinimumVisualStudioVersion = 10.0.40219.1
Project("{2150E333-8FDC-42A3-9474-1A3956D46DE8}") = "src", "src", "{D65480C8-AD23-4984-B530-7D4E666209A7}"
EndProject
Project("{FAE04EC0-301F-11D3-BF4B-00C04F79EFBC}") = "JarvisAI.Core", "src\Core\JarvisAI.Core.csproj", "{B531CDF0-2B51-4A93-AF1C-688F649371A7}"
EndProject
Project("{FAE04EC0-301F-11D3-BF4B-00C04F79EFBC}") = "JarvisAI.Domain", "src\Domain\JarvisAI.Domain.csproj", "{F520F04A-8639-436F-8326-7419F0C4713C}"
EndProject
Project("{FAE04EC0-301F-11D3-BF4B-00C04F79EFBC}") = "JarvisAI.Application", "src\Application\JarvisAI.Application.csproj", "{CF7DDCA9-50A1-4DEE-A9BB-9FAE7FD67137}"
EndProject
Project("{FAE04EC0-301F-11D3-BF4B-00C04F79EFBC}") = "JarvisAI.Infrastructure", "src\Infrastructure\JarvisAI.Infrastructure.csproj", "{7C67529A-EAB3-4CB8-BEA3-1B08BB78B908}"
EndProject
Project("{2150E333-8FDC-42A3-9474-1A3956D46DE8}") = "Web", "Web", "{2CFEACD0-82BF-4C14-A1C5-CAF6F54746EF}"
EndProject
Project("{FAE04EC0-301F-11D3-BF4B-00C04F79EFBC}") = "JarvisAI.Web", "src\Web\JarvisAI.Web\JarvisAI.Web.csproj", "{6FE1373F-2364-4C9A-91E9-CBEFC4D9E622}"
EndProject
Project("{2150E333-8FDC-42A3-9474-1A3956D46DE8}") = "Desktop", "Desktop", "{5D0AF2E1-313B-41DB-AB9B-2E31B0B3C044}"
EndProject
Project("{FAE04EC0-301F-11D3-BF4B-00C04F79EFBC}") = "JarvisAI.Desktop", "src\Desktop\JarvisAI.Desktop\JarvisAI.Desktop.csproj", "{98703B7A-A60F-4E2D-91A5-CDA142D0A783}"
EndProject
Project("{2150E333-8FDC-42A3-9474-1A3956D46DE8}") = "Mcp", "Mcp", "{6A91212C-E1D4-4E81-971D-898F6F950CD2}"
EndProject
Project("{FAE04EC0-301F-11D3-BF4B-00C04F79EFBC}") = "JarvisAI.Mcp", "src\Mcp\JarvisAI.Mcp\JarvisAI.Mcp.csproj", "{83E33A9C-9F99-462B-A7DC-2DF576250C49}"
EndProject
Project("{FAE04EC0-301F-11D3-BF4B-00C04F79EFBC}") = "LiveValidation", "src\LiveValidation\LiveValidation.csproj", "{11D11729-083D-4ACC-BF26-AD77744752D5}"
EndProject
Project("{FAE04EC0-301F-11D3-BF4B-00C04F79EFBC}") = "JarvisAI.Tests", "Tests\JarvisAI.Tests.csproj", "{319CB97A-CC82-4318-BDE6-9CD6193C7AEF}"
EndProject
Global
	GlobalSection(SolutionConfigurationPlatforms) = preSolution
		Debug|Any CPU = Debug|Any CPU
		Release|Any CPU = Release|Any CPU
	EndGlobalSection
	GlobalSection(SolutionProperties) = preSolution
		HideSolutionNode = FALSE
	EndGlobalSection
	GlobalSection(ProjectConfigurationPlatforms) = postSolution
		{B531CDF0-2B51-4A93-AF1C-688F649371A7}.Debug|Any CPU.ActiveCfg = Debug|Any CPU
		{B531CDF0-2B51-4A93-AF1C-688F649371A7}.Debug|Any CPU.Build.0 = Debug|Any CPU
		{B531CDF0-2B51-4A93-AF1C-688F649371A7}.Release|Any CPU.ActiveCfg = Release|Any CPU
		{B531CDF0-2B51-4A93-AF1C-688F649371A7}.Release|Any CPU.Build.0 = Release|Any CPU
		{F520F04A-8639-436F-8326-7419F0C4713C}.Debug|Any CPU.ActiveCfg = Debug|Any CPU
		{F520F04A-8639-436F-8326-7419F0C4713C}.Debug|Any CPU.Build.0 = Debug|Any CPU
		{F520F04A-8639-436F-8326-7419F0C4713C}.Release|Any CPU.ActiveCfg = Release|Any CPU
		{F520F04A-8639-436F-8326-7419F0C4713C}.Release|Any CPU.Build.0 = Release|Any CPU
		{CF7DDCA9-50A1-4DEE-A9BB-9FAE7FD67137}.Debug|Any CPU.ActiveCfg = Debug|Any CPU
		{CF7DDCA9-50A1-4DEE-A9BB-9FAE7FD67137}.Debug|Any CPU.Build.0 = Debug|Any CPU
		{CF7DDCA9-50A1-4DEE-A9BB-9FAE7FD67137}.Release|Any CPU.ActiveCfg = Release|Any CPU
		{CF7DDCA9-50A1-4DEE-A9BB-9FAE7FD67137}.Release|Any CPU.Build.0 = Release|Any CPU
		{7C67529A-EAB3-4CB8-BEA3-1B08BB78B908}.Debug|Any CPU.ActiveCfg = Debug|Any CPU
		{7C67529A-EAB3-4CB8-BEA3-1B08BB78B908}.Debug|Any CPU.Build.0 = Debug|Any CPU
		{7C67529A-EAB3-4CB8-BEA3-1B08BB78B908}.Release|Any CPU.ActiveCfg = Release|Any CPU
		{7C67529A-EAB3-4CB8-BEA3-1B08BB78B908}.Release|Any CPU.Build.0 = Release|Any CPU
		{6FE1373F-2364-4C9A-91E9-CBEFC4D9E622}.Debug|Any CPU.ActiveCfg = Debug|Any CPU
		{6FE1373F-2364-4C9A-91E9-CBEFC4D9E622}.Debug|Any CPU.Build.0 = Debug|Any CPU
		{6FE1373F-2364-4C9A-91E9-CBEFC4D9E622}.Release|Any CPU.ActiveCfg = Release|Any CPU
		{6FE1373F-2364-4C9A-91E9-CBEFC4D9E622}.Release|Any CPU.Build.0 = Release|Any CPU
		{98703B7A-A60F-4E2D-91A5-CDA142D0A783}.Debug|Any CPU.ActiveCfg = Debug|Any CPU
		{98703B7A-A60F-4E2D-91A5-CDA142D0A783}.Debug|Any CPU.Build.0 = Debug|Any CPU
		{98703B7A-A60F-4E2D-91A5-CDA142D0A783}.Release|Any CPU.ActiveCfg = Release|Any CPU
		{98703B7A-A60F-4E2D-91A5-CDA142D0A783}.Release|Any CPU.Build.0 = Release|Any CPU
		{83E33A9C-9F99-462B-A7DC-2DF576250C49}.Debug|Any CPU.ActiveCfg = Debug|Any CPU
		{83E33A9C-9F99-462B-A7DC-2DF576250C49}.Debug|Any CPU.Build.0 = Debug|Any CPU
		{83E33A9C-9F99-462B-A7DC-2DF576250C49}.Release|Any CPU.ActiveCfg = Release|Any CPU
		{83E33A9C-9F99-462B-A7DC-2DF576250C49}.Release|Any CPU.Build.0 = Release|Any CPU
		{11D11729-083D-4ACC-BF26-AD77744752D5}.Debug|Any CPU.ActiveCfg = Debug|Any CPU
		{11D11729-083D-4ACC-BF26-AD77744752D5}.Debug|Any CPU.Build.0 = Debug|Any CPU
		{11D11729-083D-4ACC-BF26-AD77744752D5}.Release|Any CPU.ActiveCfg = Release|Any CPU
		{11D11729-083D-4ACC-BF26-AD77744752D5}.Release|Any CPU.Build.0 = Release|Any CPU
		{319CB97A-CC82-4318-BDE6-9CD6193C7AEF}.Debug|Any CPU.ActiveCfg = Debug|Any CPU
		{319CB97A-CC82-4318-BDE6-9CD6193C7AEF}.Debug|Any CPU.Build.0 = Debug|Any CPU
		{319CB97A-CC82-4318-BDE6-9CD6193C7AEF}.Release|Any CPU.ActiveCfg = Release|Any CPU
		{319CB97A-CC82-4318-BDE6-9CD6193C7AEF}.Release|Any CPU.Build.0 = Release|Any CPU
	EndGlobalSection
	GlobalSection(NestedProjects) = preSolution
		{B531CDF0-2B51-4A93-AF1C-688F649371A7} = {D65480C8-AD23-4984-B530-7D4E666209A7}
		{F520F04A-8639-436F-8326-7419F0C4713C} = {D65480C8-AD23-4984-B530-7D4E666209A7}
		{CF7DDCA9-50A1-4DEE-A9BB-9FAE7FD67137} = {D65480C8-AD23-4984-B530-7D4E666209A7}
		{7C67529A-EAB3-4CB8-BEA3-1B08BB78B908} = {D65480C8-AD23-4984-B530-7D4E666209A7}
		{2CFEACD0-82BF-4C14-A1C5-CAF6F54746EF} = {D65480C8-AD23-4984-B530-7D4E666209A7}
		{6FE1373F-2364-4C9A-91E9-CBEFC4D9E622} = {2CFEACD0-82BF-4C14-A1C5-CAF6F54746EF}
		{5D0AF2E1-313B-41DB-AB9B-2E31B0B3C044} = {D65480C8-AD23-4984-B530-7D4E666209A7}
		{98703B7A-A60F-4E2D-91A5-CDA142D0A783} = {5D0AF2E1-313B-41DB-AB9B-2E31B0B3C044}
		{6A91212C-E1D4-4E81-971D-898F6F950CD2} = {D65480C8-AD23-4984-B530-7D4E666209A7}
		{83E33A9C-9F99-462B-A7DC-2DF576250C49} = {6A91212C-E1D4-4E81-971D-898F6F950CD2}
		{11D11729-083D-4ACC-BF26-AD77744752D5} = {D65480C8-AD23-4984-B530-7D4E666209A7}
	EndGlobalSection
EndGlobal
